
Microsoft Visual Studio Solution File, Format Version 12.00
# Visual Studio 2013
VisualStudioVersion = 12.0.31101.0
MinimumVisualStudioVersion = 10.0.40219.1
Project("{FAE04EC0-301F-11D3-BF4B-00C04F79EFBC}") = "OxHack.Doors.ServiceHost", "OxHack.Doors.ServiceHost\OxHack.Doors.ServiceHost.csproj", "{B1CF0784-8A0A-4F0B-8935-691A70F801DE}"
EndProject
Project("{FAE04EC0-301F-11D3-BF4B-00C04F79EFBC}") = "OxHack.Doors.Service", "OxHack.Doors.Service\OxHack.Doors.Service.csproj", "{810AB699-A112-4915-8FE9-21183739E770}"
EndProject
Project("{FAE04EC0-301F-11D3-BF4B-00C04F79EFBC}") = "OxHack.Doors.Service.Tests", "OxHack.Doors.Service.Tests\OxHack.Doors.Service.Tests.csproj", "{F2F76065-53FE-4DBA-BF9A-C372479B516A}"
EndProject
Project("{FAE04EC0-301F-11D3-BF4B-00C04F79EFBC}") = "OxHack.Doors.Net2Interop", "OxHack.Doors.Net2Interop\OxHack.Doors.Net2Interop.csproj", "{B18ECD27-808D-42B0-B37B-39E3509887D4}"
EndProject
Project("{FAE04EC0-301F-11D3-BF4B-00C04F79EFBC}") = "OxHack.Doors.Common", "OxHack.Doors.Common\OxHack.Doors.Common.csproj", "{A2DC388E-2D5C-485F-893F-E0A6D452BC95}"
EndProject
Project("{2150E333-8FDC-42A3-9474-1A3956D46DE8}") = "Tests", "Tests", "{4D6685D4-491D-474A-A1BC-9AB022503ECD}"
EndProject
Project("{FAE04EC0-301F-11D3-BF4B-00C04F79EFBC}") = "OxHack.Doors.Net2Interop.Tests", "OxHack.Doors.Net2Interop.Tests\OxHack.Doors.Net2Interop.Tests.csproj", "{3E08B806-CC44-4BAE-B7C5-D1466875A072}"
EndProject
Project("{2150E333-8FDC-42A3-9474-1A3956D46DE8}") = "Continuous Integration", "Continuous Integration", "{34EBE345-AEBD-4E38-9E88-0388CB73FF12}"
	ProjectSection(SolutionItems) = preProject
		.travis.yml = .travis.yml
	EndProjectSection
EndProject
Global
	GlobalSection(SolutionConfigurationPlatforms) = preSolution
		Debug|Any CPU = Debug|Any CPU
		Release|Any CPU = Release|Any CPU
	EndGlobalSection
	GlobalSection(ProjectConfigurationPlatforms) = postSolution
		{B1CF0784-8A0A-4F0B-8935-691A70F801DE}.Debug|Any CPU.ActiveCfg = Debug|Any CPU
		{B1CF0784-8A0A-4F0B-8935-691A70F801DE}.Debug|Any CPU.Build.0 = Debug|Any CPU
		{B1CF0784-8A0A-4F0B-8935-691A70F801DE}.Release|Any CPU.ActiveCfg = Release|Any CPU
		{B1CF0784-8A0A-4F0B-8935-691A70F801DE}.Release|Any CPU.Build.0 = Release|Any CPU
		{810AB699-A112-4915-8FE9-21183739E770}.Debug|Any CPU.ActiveCfg = Debug|Any CPU
		{810AB699-A112-4915-8FE9-21183739E770}.Debug|Any CPU.Build.0 = Debug|Any CPU
		{810AB699-A112-4915-8FE9-21183739E770}.Release|Any CPU.ActiveCfg = Release|Any CPU
		{810AB699-A112-4915-8FE9-21183739E770}.Release|Any CPU.Build.0 = Release|Any CPU
		{F2F76065-53FE-4DBA-BF9A-C372479B516A}.Debug|Any CPU.ActiveCfg = Debug|Any CPU
		{F2F76065-53FE-4DBA-BF9A-C372479B516A}.Debug|Any CPU.Build.0 = Debug|Any CPU
		{F2F76065-53FE-4DBA-BF9A-C372479B516A}.Release|Any CPU.ActiveCfg = Release|Any CPU
		{F2F76065-53FE-4DBA-BF9A-C372479B516A}.Release|Any CPU.Build.0 = Release|Any CPU
		{B18ECD27-808D-42B0-B37B-39E3509887D4}.Debug|Any CPU.ActiveCfg = Debug|Any CPU
		{B18ECD27-808D-42B0-B37B-39E3509887D4}.Debug|Any CPU.Build.0 = Debug|Any CPU
		{B18ECD27-808D-42B0-B37B-39E3509887D4}.Release|Any CPU.ActiveCfg = Release|Any CPU
		{B18ECD27-808D-42B0-B37B-39E3509887D4}.Release|Any CPU.Build.0 = Release|Any CPU
		{A2DC388E-2D5C-485F-893F-E0A6D452BC95}.Debug|Any CPU.ActiveCfg = Debug|Any CPU
		{A2DC388E-2D5C-485F-893F-E0A6D452BC95}.Debug|Any CPU.Build.0 = Debug|Any CPU
		{A2DC388E-2D5C-485F-893F-E0A6D452BC95}.Release|Any CPU.ActiveCfg = Release|Any CPU
		{A2DC388E-2D5C-485F-893F-E0A6D452BC95}.Release|Any CPU.Build.0 = Release|Any CPU
		{3E08B806-CC44-4BAE-B7C5-D1466875A072}.Debug|Any CPU.ActiveCfg = Debug|Any CPU
		{3E08B806-CC44-4BAE-B7C5-D1466875A072}.Debug|Any CPU.Build.0 = Debug|Any CPU
		{3E08B806-CC44-4BAE-B7C5-D1466875A072}.Release|Any CPU.ActiveCfg = Release|Any CPU
		{3E08B806-CC44-4BAE-B7C5-D1466875A072}.Release|Any CPU.Build.0 = Release|Any CPU
	EndGlobalSection
	GlobalSection(SolutionProperties) = preSolution
		HideSolutionNode = FALSE
	EndGlobalSection
	GlobalSection(NestedProjects) = preSolution
		{F2F76065-53FE-4DBA-BF9A-C372479B516A} = {4D6685D4-491D-474A-A1BC-9AB022503ECD}
		{3E08B806-CC44-4BAE-B7C5-D1466875A072} = {4D6685D4-491D-474A-A1BC-9AB022503ECD}
	EndGlobalSection
EndGlobal
